
Microsoft Visual Studio Solution File, Format Version 12.00
# Visual Studio Version 16
VisualStudioVersion = 16.0.31313.79
MinimumVisualStudioVersion = 10.0.40219.1
Project("{9A19103F-16F7-4668-BE54-9A1E7A4F7556}") = "Cortes.Dominio", "Cortes.Dominio\Cortes.Dominio.csproj", "{1295D3CD-F0A8-41B7-8A24-F152709C9552}"
EndProject
Project("{00D1A9C2-B5F0-4AF3-8072-F6C62B433612}") = "Cortes.DataBase", "Cortes.DataBase\Cortes.DataBase.sqlproj", "{F16B3512-F6F8-47BF-88D8-E24C3433EE91}"
EndProject
Project("{9A19103F-16F7-4668-BE54-9A1E7A4F7556}") = "Cortes.Services", "Cortes.Services\Cortes.Services.csproj", "{CE871F13-A1BF-442D-A0D2-4698CE19D6CB}"
EndProject
Project("{9A19103F-16F7-4668-BE54-9A1E7A4F7556}") = "Cortes.Repositorio", "Cortes.Repositorio\Cortes.Repositorio.csproj", "{8BC3EAE1-4941-4331-86D7-5F937957ADD5}"
EndProject
Project("{9A19103F-16F7-4668-BE54-9A1E7A4F7556}") = "Cortes.Infra", "Cortes.Infra\Cortes.Infra.csproj", "{4B96AA0E-95D0-4B32-87DF-9A411BD3B610}"
EndProject
Project("{9A19103F-16F7-4668-BE54-9A1E7A4F7556}") = "Cortes.Web", "Cortes.Web\Cortes.Web.csproj", "{2D3E7F99-9D82-40FB-B888-3A61263386B7}"
EndProject
Global
	GlobalSection(SolutionConfigurationPlatforms) = preSolution
		Debug|Any CPU = Debug|Any CPU
		Release|Any CPU = Release|Any CPU
	EndGlobalSection
	GlobalSection(ProjectConfigurationPlatforms) = postSolution
		{1295D3CD-F0A8-41B7-8A24-F152709C9552}.Debug|Any CPU.ActiveCfg = Debug|Any CPU
		{1295D3CD-F0A8-41B7-8A24-F152709C9552}.Debug|Any CPU.Build.0 = Debug|Any CPU
		{1295D3CD-F0A8-41B7-8A24-F152709C9552}.Release|Any CPU.ActiveCfg = Release|Any CPU
		{1295D3CD-F0A8-41B7-8A24-F152709C9552}.Release|Any CPU.Build.0 = Release|Any CPU
		{F16B3512-F6F8-47BF-88D8-E24C3433EE91}.Debug|Any CPU.ActiveCfg = Debug|Any CPU
		{F16B3512-F6F8-47BF-88D8-E24C3433EE91}.Debug|Any CPU.Build.0 = Debug|Any CPU
		{F16B3512-F6F8-47BF-88D8-E24C3433EE91}.Debug|Any CPU.Deploy.0 = Debug|Any CPU
		{F16B3512-F6F8-47BF-88D8-E24C3433EE91}.Release|Any CPU.ActiveCfg = Release|Any CPU
		{F16B3512-F6F8-47BF-88D8-E24C3433EE91}.Release|Any CPU.Build.0 = Release|Any CPU
		{F16B3512-F6F8-47BF-88D8-E24C3433EE91}.Release|Any CPU.Deploy.0 = Release|Any CPU
		{CE871F13-A1BF-442D-A0D2-4698CE19D6CB}.Debug|Any CPU.ActiveCfg = Debug|Any CPU
		{CE871F13-A1BF-442D-A0D2-4698CE19D6CB}.Debug|Any CPU.Build.0 = Debug|Any CPU
		{CE871F13-A1BF-442D-A0D2-4698CE19D6CB}.Release|Any CPU.ActiveCfg = Release|Any CPU
		{CE871F13-A1BF-442D-A0D2-4698CE19D6CB}.Release|Any CPU.Build.0 = Release|Any CPU
		{8BC3EAE1-4941-4331-86D7-5F937957ADD5}.Debug|Any CPU.ActiveCfg = Debug|Any CPU
		{8BC3EAE1-4941-4331-86D7-5F937957ADD5}.Debug|Any CPU.Build.0 = Debug|Any CPU
		{8BC3EAE1-4941-4331-86D7-5F937957ADD5}.Release|Any CPU.ActiveCfg = Release|Any CPU
		{8BC3EAE1-4941-4331-86D7-5F937957ADD5}.Release|Any CPU.Build.0 = Release|Any CPU
		{4B96AA0E-95D0-4B32-87DF-9A411BD3B610}.Debug|Any CPU.ActiveCfg = Debug|Any CPU
		{4B96AA0E-95D0-4B32-87DF-9A411BD3B610}.Debug|Any CPU.Build.0 = Debug|Any CPU
		{4B96AA0E-95D0-4B32-87DF-9A411BD3B610}.Release|Any CPU.ActiveCfg = Release|Any CPU
		{4B96AA0E-95D0-4B32-87DF-9A411BD3B610}.Release|Any CPU.Build.0 = Release|Any CPU
		{2D3E7F99-9D82-40FB-B888-3A61263386B7}.Debug|Any CPU.ActiveCfg = Debug|Any CPU
		{2D3E7F99-9D82-40FB-B888-3A61263386B7}.Debug|Any CPU.Build.0 = Debug|Any CPU
		{2D3E7F99-9D82-40FB-B888-3A61263386B7}.Release|Any CPU.ActiveCfg = Release|Any CPU
		{2D3E7F99-9D82-40FB-B888-3A61263386B7}.Release|Any CPU.Build.0 = Release|Any CPU
	EndGlobalSection
	GlobalSection(SolutionProperties) = preSolution
		HideSolutionNode = FALSE
	EndGlobalSection
	GlobalSection(ExtensibilityGlobals) = postSolution
		SolutionGuid = {81FE56C1-53DA-4807-8442-6C3168307191}
	EndGlobalSection
EndGlobal
